// !$*UTF8*$!
{
	archiveVersion = 1;
	classes = {
	};
	objectVersion = 46;
	objects = {

/* Begin PBXBuildFile section */
		982D2E341C65E3ED00A45DA5 /* main.m in Sources */ = {isa = PBXBuildFile; fileRef = 982D2E331C65E3ED00A45DA5 /* main.m */; };
		982D2E371C65E3ED00A45DA5 /* AppDelegate.m in Sources */ = {isa = PBXBuildFile; fileRef = 982D2E361C65E3ED00A45DA5 /* AppDelegate.m */; };
		982D2E3A1C65E3ED00A45DA5 /* ViewController.m in Sources */ = {isa = PBXBuildFile; fileRef = 982D2E391C65E3ED00A45DA5 /* ViewController.m */; };
		982D2E3D1C65E3ED00A45DA5 /* Main.storyboard in Resources */ = {isa = PBXBuildFile; fileRef = 982D2E3B1C65E3ED00A45DA5 /* Main.storyboard */; };
		982D2E3F1C65E3ED00A45DA5 /* Assets.xcassets in Resources */ = {isa = PBXBuildFile; fileRef = 982D2E3E1C65E3ED00A45DA5 /* Assets.xcassets */; };
		982D2E421C65E3ED00A45DA5 /* LaunchScreen.storyboard in Resources */ = {isa = PBXBuildFile; fileRef = 982D2E401C65E3ED00A45DA5 /* LaunchScreen.storyboard */; };
		982D2E4D1C65E3ED00A45DA5 /* CampKodcuTests.m in Sources */ = {isa = PBXBuildFile; fileRef = 982D2E4C1C65E3ED00A45DA5 /* CampKodcuTests.m */; };
		982D2E581C65E3ED00A45DA5 /* CampKodcuUITests.m in Sources */ = {isa = PBXBuildFile; fileRef = 982D2E571C65E3ED00A45DA5 /* CampKodcuUITests.m */; };
/* End PBXBuildFile section */

/* Begin PBXContainerItemProxy section */
		982D2E491C65E3ED00A45DA5 /* PBXContainerItemProxy */ = {
			isa = PBXContainerItemProxy;
			containerPortal = 982D2E271C65E3ED00A45DA5 /* Project object */;
			proxyType = 1;
			remoteGlobalIDString = 982D2E2E1C65E3ED00A45DA5;
			remoteInfo = CampKodcu;
		};
		982D2E541C65E3ED00A45DA5 /* PBXContainerItemProxy */ = {
			isa = PBXContainerItemProxy;
			containerPortal = 982D2E271C65E3ED00A45DA5 /* Project object */;
			proxyType = 1;
			remoteGlobalIDString = 982D2E2E1C65E3ED00A45DA5;
			remoteInfo = CampKodcu;
		};
/* End PBXContainerItemProxy section */

/* Begin PBXFileReference section */
		982D2E2F1C65E3ED00A45DA5 /* CampKodcu.app */ = {isa = PBXFileReference; explicitFileType = wrapper.application; includeInIndex = 0; path = CampKodcu.app; sourceTree = BUILT_PRODUCTS_DIR; };
		982D2E331C65E3ED00A45DA5 /* main.m */ = {isa = PBXFileReference; lastKnownFileType = sourcecode.c.objc; path = main.m; sourceTree = "<group>"; };
		982D2E351C65E3ED00A45DA5 /* AppDelegate.h */ = {isa = PBXFileReference; lastKnownFileType = sourcecode.c.h; path = AppDelegate.h; sourceTree = "<group>"; };
		982D2E361C65E3ED00A45DA5 /* AppDelegate.m */ = {isa = PBXFileReference; lastKnownFileType = sourcecode.c.objc; path = AppDelegate.m; sourceTree = "<group>"; };
		982D2E381C65E3ED00A45DA5 /* ViewController.h */ = {isa = PBXFileReference; lastKnownFileType = sourcecode.c.h; path = ViewController.h; sourceTree = "<group>"; };
		982D2E391C65E3ED00A45DA5 /* ViewController.m */ = {isa = PBXFileReference; lastKnownFileType = sourcecode.c.objc; path = ViewController.m; sourceTree = "<group>"; };
		982D2E3C1C65E3ED00A45DA5 /* Base */ = {isa = PBXFileReference; lastKnownFileType = file.storyboard; name = Base; path = Base.lproj/Main.storyboard; sourceTree = "<group>"; };
		982D2E3E1C65E3ED00A45DA5 /* Assets.xcassets */ = {isa = PBXFileReference; lastKnownFileType = folder.assetcatalog; path = Assets.xcassets; sourceTree = "<group>"; };
		982D2E411C65E3ED00A45DA5 /* Base */ = {isa = PBXFileReference; lastKnownFileType = file.storyboard; name = Base; path = Base.lproj/LaunchScreen.storyboard; sourceTree = "<group>"; };
		982D2E431C65E3ED00A45DA5 /* Info.plist */ = {isa = PBXFileReference; lastKnownFileType = text.plist.xml; path = Info.plist; sourceTree = "<group>"; };
		982D2E481C65E3ED00A45DA5 /* CampKodcuTests.xctest */ = {isa = PBXFileReference; explicitFileType = wrapper.cfbundle; includeInIndex = 0; path = CampKodcuTests.xctest; sourceTree = BUILT_PRODUCTS_DIR; };
		982D2E4C1C65E3ED00A45DA5 /* CampKodcuTests.m */ = {isa = PBXFileReference; lastKnownFileType = sourcecode.c.objc; path = CampKodcuTests.m; sourceTree = "<group>"; };
		982D2E4E1C65E3ED00A45DA5 /* Info.plist */ = {isa = PBXFileReference; lastKnownFileType = text.plist.xml; path = Info.plist; sourceTree = "<group>"; };
		982D2E531C65E3ED00A45DA5 /* CampKodcuUITests.xctest */ = {isa = PBXFileReference; explicitFileType = wrapper.cfbundle; includeInIndex = 0; path = CampKodcuUITests.xctest; sourceTree = BUILT_PRODUCTS_DIR; };
		982D2E571C65E3ED00A45DA5 /* CampKodcuUITests.m */ = {isa = PBXFileReference; lastKnownFileType = sourcecode.c.objc; path = CampKodcuUITests.m; sourceTree = "<group>"; };
		982D2E591C65E3ED00A45DA5 /* Info.plist */ = {isa = PBXFileReference; lastKnownFileType = text.plist.xml; path = Info.plist; sourceTree = "<group>"; };
/* End PBXFileReference section */

/* Begin PBXFrameworksBuildPhase section */
		982D2E2C1C65E3ED00A45DA5 /* Frameworks */ = {
			isa = PBXFrameworksBuildPhase;
			buildActionMask = 2147483647;
			files = (
			);
			runOnlyForDeploymentPostprocessing = 0;
		};
		982D2E451C65E3ED00A45DA5 /* Frameworks */ = {
			isa = PBXFrameworksBuildPhase;
			buildActionMask = 2147483647;
			files = (
			);
			runOnlyForDeploymentPostprocessing = 0;
		};
		982D2E501C65E3ED00A45DA5 /* Frameworks */ = {
			isa = PBXFrameworksBuildPhase;
			buildActionMask = 2147483647;
			files = (
			);
			runOnlyForDeploymentPostprocessing = 0;
		};
/* End PBXFrameworksBuildPhase section */

/* Begin PBXGroup section */
		982D2E261C65E3ED00A45DA5 = {
			isa = PBXGroup;
			children = (
				982D2E311C65E3ED00A45DA5 /* CampKodcu */,
				982D2E4B1C65E3ED00A45DA5 /* CampKodcuTests */,
				982D2E561C65E3ED00A45DA5 /* CampKodcuUITests */,
				982D2E301C65E3ED00A45DA5 /* Products */,
			);
			sourceTree = "<group>";
		};
		982D2E301C65E3ED00A45DA5 /* Products */ = {
			isa = PBXGroup;
			children = (
				982D2E2F1C65E3ED00A45DA5 /* CampKodcu.app */,
				982D2E481C65E3ED00A45DA5 /* CampKodcuTests.xctest */,
				982D2E531C65E3ED00A45DA5 /* CampKodcuUITests.xctest */,
			);
			name = Products;
			sourceTree = "<group>";
		};
		982D2E311C65E3ED00A45DA5 /* CampKodcu */ = {
			isa = PBXGroup;
			children = (
				982D2E351C65E3ED00A45DA5 /* AppDelegate.h */,
				982D2E361C65E3ED00A45DA5 /* AppDelegate.m */,
				982D2E381C65E3ED00A45DA5 /* ViewController.h */,
				982D2E391C65E3ED00A45DA5 /* ViewController.m */,
				982D2E3B1C65E3ED00A45DA5 /* Main.storyboard */,
				982D2E3E1C65E3ED00A45DA5 /* Assets.xcassets */,
				982D2E401C65E3ED00A45DA5 /* LaunchScreen.storyboard */,
				982D2E431C65E3ED00A45DA5 /* Info.plist */,
				982D2E321C65E3ED00A45DA5 /* Supporting Files */,
			);
			path = CampKodcu;
			sourceTree = "<group>";
		};
		982D2E321C65E3ED00A45DA5 /* Supporting Files */ = {
			isa = PBXGroup;
			children = (
				982D2E331C65E3ED00A45DA5 /* main.m */,
			);
			name = "Supporting Files";
			sourceTree = "<group>";
		};
		982D2E4B1C65E3ED00A45DA5 /* CampKodcuTests */ = {
			isa = PBXGroup;
			children = (
				982D2E4C1C65E3ED00A45DA5 /* CampKodcuTests.m */,
				982D2E4E1C65E3ED00A45DA5 /* Info.plist */,
			);
			path = CampKodcuTests;
			sourceTree = "<group>";
		};
		982D2E561C65E3ED00A45DA5 /* CampKodcuUITests */ = {
			isa = PBXGroup;
			children = (
				982D2E571C65E3ED00A45DA5 /* CampKodcuUITests.m */,
				982D2E591C65E3ED00A45DA5 /* Info.plist */,
			);
			path = CampKodcuUITests;
			sourceTree = "<group>";
		};
/* End PBXGroup section */

/* Begin PBXNativeTarget section */
		982D2E2E1C65E3ED00A45DA5 /* CampKodcu */ = {
			isa = PBXNativeTarget;
			buildConfigurationList = 982D2E5C1C65E3ED00A45DA5 /* Build configuration list for PBXNativeTarget "CampKodcu" */;
			buildPhases = (
				982D2E2B1C65E3ED00A45DA5 /* Sources */,
				982D2E2C1C65E3ED00A45DA5 /* Frameworks */,
				982D2E2D1C65E3ED00A45DA5 /* Resources */,
			);
			buildRules = (
			);
			dependencies = (
			);
			name = CampKodcu;
			productName = CampKodcu;
			productReference = 982D2E2F1C65E3ED00A45DA5 /* CampKodcu.app */;
			productType = "com.apple.product-type.application";
		};
		982D2E471C65E3ED00A45DA5 /* CampKodcuTests */ = {
			isa = PBXNativeTarget;
			buildConfigurationList = 982D2E5F1C65E3ED00A45DA5 /* Build configuration list for PBXNativeTarget "CampKodcuTests" */;
			buildPhases = (
				982D2E441C65E3ED00A45DA5 /* Sources */,
				982D2E451C65E3ED00A45DA5 /* Frameworks */,
				982D2E461C65E3ED00A45DA5 /* Resources */,
			);
			buildRules = (
			);
			dependencies = (
				982D2E4A1C65E3ED00A45DA5 /* PBXTargetDependency */,
			);
			name = CampKodcuTests;
			productName = CampKodcuTests;
			productReference = 982D2E481C65E3ED00A45DA5 /* CampKodcuTests.xctest */;
			productType = "com.apple.product-type.bundle.unit-test";
		};
		982D2E521C65E3ED00A45DA5 /* CampKodcuUITests */ = {
			isa = PBXNativeTarget;
			buildConfigurationList = 982D2E621C65E3ED00A45DA5 /* Build configuration list for PBXNativeTarget "CampKodcuUITests" */;
			buildPhases = (
				982D2E4F1C65E3ED00A45DA5 /* Sources */,
				982D2E501C65E3ED00A45DA5 /* Frameworks */,
				982D2E511C65E3ED00A45DA5 /* Resources */,
			);
			buildRules = (
			);
			dependencies = (
				982D2E551C65E3ED00A45DA5 /* PBXTargetDependency */,
			);
			name = CampKodcuUITests;
			productName = CampKodcuUITests;
			productReference = 982D2E531C65E3ED00A45DA5 /* CampKodcuUITests.xctest */;
			productType = "com.apple.product-type.bundle.ui-testing";
		};
/* End PBXNativeTarget section */

/* Begin PBXProject section */
		982D2E271C65E3ED00A45DA5 /* Project object */ = {
			isa = PBXProject;
			attributes = {
				LastUpgradeCheck = 0700;
				ORGANIZATIONNAME = Gokce123;
				TargetAttributes = {
					982D2E2E1C65E3ED00A45DA5 = {
						CreatedOnToolsVersion = 7.0;
						SystemCapabilities = {
							com.apple.BackgroundModes = {
								enabled = 0;
							};
						};
					};
					982D2E471C65E3ED00A45DA5 = {
						CreatedOnToolsVersion = 7.0;
						TestTargetID = 982D2E2E1C65E3ED00A45DA5;
					};
					982D2E521C65E3ED00A45DA5 = {
						CreatedOnToolsVersion = 7.0;
						TestTargetID = 982D2E2E1C65E3ED00A45DA5;
					};
				};
			};
			buildConfigurationList = 982D2E2A1C65E3ED00A45DA5 /* Build configuration list for PBXProject "CampKodcu" */;
			compatibilityVersion = "Xcode 3.2";
			developmentRegion = English;
			hasScannedForEncodings = 0;
			knownRegions = (
				en,
				Base,
			);
			mainGroup = 982D2E261C65E3ED00A45DA5;
			productRefGroup = 982D2E301C65E3ED00A45DA5 /* Products */;
			projectDirPath = "";
			projectRoot = "";
			targets = (
				982D2E2E1C65E3ED00A45DA5 /* CampKodcu */,
				982D2E471C65E3ED00A45DA5 /* CampKodcuTests */,
				982D2E521C65E3ED00A45DA5 /* CampKodcuUITests */,
			);
		};
/* End PBXProject section */

/* Begin PBXResourcesBuildPhase section */
		982D2E2D1C65E3ED00A45DA5 /* Resources */ = {
			isa = PBXResourcesBuildPhase;
			buildActionMask = 2147483647;
			files = (
				982D2E421C65E3ED00A45DA5 /* LaunchScreen.storyboard in Resources */,
				982D2E3F1C65E3ED00A45DA5 /* Assets.xcassets in Resources */,
				982D2E3D1C65E3ED00A45DA5 /* Main.storyboard in Resources */,
			);
			runOnlyForDeploymentPostprocessing = 0;
		};
		982D2E461C65E3ED00A45DA5 /* Resources */ = {
			isa = PBXResourcesBuildPhase;
			buildActionMask = 2147483647;
			files = (
			);
			runOnlyForDeploymentPostprocessing = 0;
		};
		982D2E511C65E3ED00A45DA5 /* Resources */ = {
			isa = PBXResourcesBuildPhase;
			buildActionMask = 2147483647;
			files = (
			);
			runOnlyForDeploymentPostprocessing = 0;
		};
/* End PBXResourcesBuildPhase section */

/* Begin PBXSourcesBuildPhase section */
		982D2E2B1C65E3ED00A45DA5 /* Sources */ = {
			isa = PBXSourcesBuildPhase;
			buildActionMask = 2147483647;
			files = (
				982D2E3A1C65E3ED00A45DA5 /* ViewController.m in Sources */,
				982D2E371C65E3ED00A45DA5 /* AppDelegate.m in Sources */,
				982D2E341C65E3ED00A45DA5 /* main.m in Sources */,
			);
			runOnlyForDeploymentPostprocessing = 0;
		};
		982D2E441C65E3ED00A45DA5 /* Sources */ = {
			isa = PBXSourcesBuildPhase;
			buildActionMask = 2147483647;
			files = (
				982D2E4D1C65E3ED00A45DA5 /* CampKodcuTests.m in Sources */,
			);
			runOnlyForDeploymentPostprocessing = 0;
		};
		982D2E4F1C65E3ED00A45DA5 /* Sources */ = {
			isa = PBXSourcesBuildPhase;
			buildActionMask = 2147483647;
			files = (
				982D2E581C65E3ED00A45DA5 /* CampKodcuUITests.m in Sources */,
			);
			runOnlyForDeploymentPostprocessing = 0;
		};
/* End PBXSourcesBuildPhase section */

/* Begin PBXTargetDependency section */
		982D2E4A1C65E3ED00A45DA5 /* PBXTargetDependency */ = {
			isa = PBXTargetDependency;
			target = 982D2E2E1C65E3ED00A45DA5 /* CampKodcu */;
			targetProxy = 982D2E491C65E3ED00A45DA5 /* PBXContainerItemProxy */;
		};
		982D2E551C65E3ED00A45DA5 /* PBXTargetDependency */ = {
			isa = PBXTargetDependency;
			target = 982D2E2E1C65E3ED00A45DA5 /* CampKodcu */;
			targetProxy = 982D2E541C65E3ED00A45DA5 /* PBXContainerItemProxy */;
		};
/* End PBXTargetDependency section */

/* Begin PBXVariantGroup section */
		982D2E3B1C65E3ED00A45DA5 /* Main.storyboard */ = {
			isa = PBXVariantGroup;
			children = (
				982D2E3C1C65E3ED00A45DA5 /* Base */,
			);
			name = Main.storyboard;
			sourceTree = "<group>";
		};
		982D2E401C65E3ED00A45DA5 /* LaunchScreen.storyboard */ = {
			isa = PBXVariantGroup;
			children = (
				982D2E411C65E3ED00A45DA5 /* Base */,
			);
			name = LaunchScreen.storyboard;
			sourceTree = "<group>";
		};
/* End PBXVariantGroup section */

/* Begin XCBuildConfiguration section */
		982D2E5A1C65E3ED00A45DA5 /* Debug */ = {
			isa = XCBuildConfiguration;
			buildSettings = {
				ALWAYS_SEARCH_USER_PATHS = NO;
				CLANG_CXX_LANGUAGE_STANDARD = "gnu++0x";
				CLANG_CXX_LIBRARY = "libc++";
				CLANG_ENABLE_MODULES = YES;
				CLANG_ENABLE_OBJC_ARC = YES;
				CLANG_WARN_BOOL_CONVERSION = YES;
				CLANG_WARN_CONSTANT_CONVERSION = YES;
				CLANG_WARN_DIRECT_OBJC_ISA_USAGE = YES_ERROR;
				CLANG_WARN_EMPTY_BODY = YES;
				CLANG_WARN_ENUM_CONVERSION = YES;
				CLANG_WARN_INT_CONVERSION = YES;
				CLANG_WARN_OBJC_ROOT_CLASS = YES_ERROR;
				CLANG_WARN_UNREACHABLE_CODE = YES;
				CLANG_WARN__DUPLICATE_METHOD_MATCH = YES;
				"CODE_SIGN_IDENTITY[sdk=iphoneos*]" = "iPhone Developer";
				COPY_PHASE_STRIP = NO;
				DEBUG_INFORMATION_FORMAT = dwarf;
				ENABLE_STRICT_OBJC_MSGSEND = YES;
				ENABLE_TESTABILITY = YES;
				GCC_C_LANGUAGE_STANDARD = gnu99;
				GCC_DYNAMIC_NO_PIC = NO;
				GCC_NO_COMMON_BLOCKS = YES;
				GCC_OPTIMIZATION_LEVEL = 0;
				GCC_PREPROCESSOR_DEFINITIONS = (
					"DEBUG=1",
					"$(inherited)",
				);
				GCC_WARN_64_TO_32_BIT_CONVERSION = YES;
				GCC_WARN_ABOUT_RETURN_TYPE = YES_ERROR;
				GCC_WARN_UNDECLARED_SELECTOR = YES;
				GCC_WARN_UNINITIALIZED_AUTOS = YES_AGGRESSIVE;
				GCC_WARN_UNUSED_FUNCTION = YES;
				GCC_WARN_UNUSED_VARIABLE = YES;
				IPHONEOS_DEPLOYMENT_TARGET = 9.0;
				MTL_ENABLE_DEBUG_INFO = YES;
				ONLY_ACTIVE_ARCH = YES;
				SDKROOT = iphoneos;
				TARGETED_DEVICE_FAMILY = "1,2";
			};
			name = Debug;
		};
		982D2E5B1C65E3ED00A45DA5 /* Release */ = {
			isa = XCBuildConfiguration;
			buildSettings = {
				ALWAYS_SEARCH_USER_PATHS = NO;
				CLANG_CXX_LANGUAGE_STANDARD = "gnu++0x";
				CLANG_CXX_LIBRARY = "libc++";
				CLANG_ENABLE_MODULES = YES;
				CLANG_ENABLE_OBJC_ARC = YES;
				CLANG_WARN_BOOL_CONVERSION = YES;
				CLANG_WARN_CONSTANT_CONVERSION = YES;
				CLANG_WARN_DIRECT_OBJC_ISA_USAGE = YES_ERROR;
				CLANG_WARN_EMPTY_BODY = YES;
				CLANG_WARN_ENUM_CONVERSION = YES;
				CLANG_WARN_INT_CONVERSION = YES;
				CLANG_WARN_OBJC_ROOT_CLASS = YES_ERROR;
				CLANG_WARN_UNREACHABLE_CODE = YES;
				CLANG_WARN__DUPLICATE_METHOD_MATCH = YES;
				"CODE_SIGN_IDENTITY[sdk=iphoneos*]" = "iPhone Developer";
				COPY_PHASE_STRIP = NO;
				DEBUG_INFORMATION_FORMAT = "dwarf-with-dsym";
				ENABLE_NS_ASSERTIONS = NO;
				ENABLE_STRICT_OBJC_MSGSEND = YES;
				GCC_C_LANGUAGE_STANDARD = gnu99;
				GCC_NO_COMMON_BLOCKS = YES;
				GCC_WARN_64_TO_32_BIT_CONVERSION = YES;
				GCC_WARN_ABOUT_RETURN_TYPE = YES_ERROR;
				GCC_WARN_UNDECLARED_SELECTOR = YES;
				GCC_WARN_UNINITIALIZED_AUTOS = YES_AGGRESSIVE;
				GCC_WARN_UNUSED_FUNCTION = YES;
				GCC_WARN_UNUSED_VARIABLE = YES;
				IPHONEOS_DEPLOYMENT_TARGET = 9.0;
				MTL_ENABLE_DEBUG_INFO = NO;
				SDKROOT = iphoneos;
				TARGETED_DEVICE_FAMILY = "1,2";
				VALIDATE_PRODUCT = YES;
			};
			name = Release;
		};
		982D2E5D1C65E3ED00A45DA5 /* Debug */ = {
			isa = XCBuildConfiguration;
			buildSettings = {
				ASSETCATALOG_COMPILER_APPICON_NAME = AppIcon;
				ASSETCATALOG_COMPILER_LAUNCHIMAGE_NAME = BrandAsset;
				INFOPLIST_FILE = CampKodcu/Info.plist;
				LD_RUNPATH_SEARCH_PATHS = "$(inherited) @executable_path/Frameworks";
				PRODUCT_BUNDLE_IDENTIFIER = com.dgmobilecoders.CampKodcu;
				PRODUCT_NAME = "$(TARGET_NAME)";
			};
			name = Debug;
		};
		982D2E5E1C65E3ED00A45DA5 /* Release */ = {
			isa = XCBuildConfiguration;
			buildSettings = {
				ASSETCATALOG_COMPILER_APPICON_NAME = AppIcon;
				ASSETCATALOG_COMPILER_LAUNCHIMAGE_NAME = BrandAsset;
				INFOPLIST_FILE = CampKodcu/Info.plist;
				LD_RUNPATH_SEARCH_PATHS = "$(inherited) @executable_path/Frameworks";
				PRODUCT_BUNDLE_IDENTIFIER = com.dgmobilecoders.CampKodcu;
				PRODUCT_NAME = "$(TARGET_NAME)";
			};
			name = Release;
		};
		982D2E601C65E3ED00A45DA5 /* Debug */ = {
			isa = XCBuildConfiguration;
			buildSettings = {
				BUNDLE_LOADER = "$(TEST_HOST)";
				INFOPLIST_FILE = CampKodcuTests/Info.plist;
				LD_RUNPATH_SEARCH_PATHS = "$(inherited) @executable_path/Frameworks @loader_path/Frameworks";
				PRODUCT_BUNDLE_IDENTIFIER = com.dgmobilecoders.CampKodcuTests;
				PRODUCT_NAME = "$(TARGET_NAME)";
				TEST_HOST = "$(BUILT_PRODUCTS_DIR)/CampKodcu.app/CampKodcu";
			};
			name = Debug;
		};
		982D2E611C65E3ED00A45DA5 /* Release */ = {
			isa = XCBuildConfiguration;
			buildSettings = {
				BUNDLE_LOADER = "$(TEST_HOST)";
				INFOPLIST_FILE = CampKodcuTests/Info.plist;
				LD_RUNPATH_SEARCH_PATHS = "$(inherited) @executable_path/Frameworks @loader_path/Frameworks";
				PRODUCT_BUNDLE_IDENTIFIER = com.dgmobilecoders.CampKodcuTests;
				PRODUCT_NAME = "$(TARGET_NAME)";
				TEST_HOST = "$(BUILT_PRODUCTS_DIR)/CampKodcu.app/CampKodcu";
			};
			name = Release;
		};
		982D2E631C65E3ED00A45DA5 /* Debug */ = {
			isa = XCBuildConfiguration;
			buildSettings = {
				INFOPLIST_FILE = CampKodcuUITests/Info.plist;
				LD_RUNPATH_SEARCH_PATHS = "$(inherited) @executable_path/Frameworks @loader_path/Frameworks";
				PRODUCT_BUNDLE_IDENTIFIER = com.dgmobilecoders.CampKodcuUITests;
				PRODUCT_NAME = "$(TARGET_NAME)";
				TEST_TARGET_NAME = CampKodcu;
				USES_XCTRUNNER = YES;
			};
			name = Debug;
		};
		982D2E641C65E3ED00A45DA5 /* Release */ = {
			isa = XCBuildConfiguration;
			buildSettings = {
				INFOPLIST_FILE = CampKodcuUITests/Info.plist;
				LD_RUNPATH_SEARCH_PATHS = "$(inherited) @executable_path/Frameworks @loader_path/Frameworks";
				PRODUCT_BUNDLE_IDENTIFIER = com.dgmobilecoders.CampKodcuUITests;
				PRODUCT_NAME = "$(TARGET_NAME)";
				TEST_TARGET_NAME = CampKodcu;
				USES_XCTRUNNER = YES;
			};
			name = Release;
		};
/* End XCBuildConfiguration section */

/* Begin XCConfigurationList section */
		982D2E2A1C65E3ED00A45DA5 /* Build configuration list for PBXProject "CampKodcu" */ = {
			isa = XCConfigurationList;
			buildConfigurations = (
				982D2E5A1C65E3ED00A45DA5 /* Debug */,
				982D2E5B1C65E3ED00A45DA5 /* Release */,
			);
			defaultConfigurationIsVisible = 0;
			defaultConfigurationName = Release;
		};
		982D2E5C1C65E3ED00A45DA5 /* Build configuration list for PBXNativeTarget "CampKodcu" */ = {
			isa = XCConfigurationList;
			buildConfigurations = (
				982D2E5D1C65E3ED00A45DA5 /* Debug */,
				982D2E5E1C65E3ED00A45DA5 /* Release */,
			);
			defaultConfigurationIsVisible = 0;
			defaultConfigurationName = Release;
		};
		982D2E5F1C65E3ED00A45DA5 /* Build configuration list for PBXNativeTarget "CampKodcuTests" */ = {
			isa = XCConfigurationList;
			buildConfigurations = (
				982D2E601C65E3ED00A45DA5 /* Debug */,
				982D2E611C65E3ED00A45DA5 /* Release */,
			);
			defaultConfigurationIsVisible = 0;
			defaultConfigurationName = Release;
		};
		982D2E621C65E3ED00A45DA5 /* Build configuration list for PBXNativeTarget "CampKodcuUITests" */ = {
			isa = XCConfigurationList;
			buildConfigurations = (
				982D2E631C65E3ED00A45DA5 /* Debug */,
				982D2E641C65E3ED00A45DA5 /* Release */,
			);
			defaultConfigurationIsVisible = 0;
			defaultConfigurationName = Release;
		};
/* End XCConfigurationList section */
	};
	rootObject = 982D2E271C65E3ED00A45DA5 /* Project object */;
}
